<?xml version="1.0" encoding="utf-8"?>
<Project ToolsVersion="4.0" xmlns="http://schemas.microsoft.com/developer/msbuild/2003">
  <ItemGroup>
    <Filter Include="Fichiers sources">
      <UniqueIdentifier>{4FC737F1-C7A5-4376-A066-2A32D752A2FF}</UniqueIdentifier>
      <Extensions>cpp;c;cc;cxx;c++;cppm;ixx;def;odl;idl;hpj;bat;asm;asmx</Extensions>
    </Filter>
    <Filter Include="Fichiers d%27en-tête">
      <UniqueIdentifier>{93995380-89BD-4b04-88EB-625FBE52EBFB}</UniqueIdentifier>
      <Extensions>h;hh;hpp;hxx;h++;hm;inl;inc;ipp;xsd</Extensions>
    </Filter>
    <Filter Include="Fichiers de ressources">
      <UniqueIdentifier>{67DA6AB6-F800-4c08-8B7A-83BB121AAD01}</UniqueIdentifier>
      <Extensions>rc;ico;cur;bmp;dlg;rc2;rct;bin;rgs;gif;jpg;jpeg;jpe;resx;tiff;tif;png;wav;mfcribbon-ms</Extensions>
    </Filter>
    <Filter Include="common">
      <UniqueIdentifier>{1228cc85-0877-4eba-99f6-fecd22ebc679}</UniqueIdentifier>
    </Filter>
    <Filter Include="Dragon">
      <UniqueIdentifier>{e2015cbf-9d5c-431c-a0ac-b88a2d24c523}</UniqueIdentifier>
    </Filter>
    <Filter Include="glutilities">
      <UniqueIdentifier>{dd428227-ab74-4942-a1bc-3a0679a04a35}</UniqueIdentifier>
    </Filter>
    <Filter Include="Shaders">
      <UniqueIdentifier>{b2784d44-0b8e-4dca-94dc-9fe46fee1d7e}</UniqueIdentifier>
    </Filter>
  </ItemGroup>
  <ItemGroup>
    <ClCompile Include="OpenGL_Project.cpp">
      <Filter>Fichiers sources</Filter>
    </ClCompile>
    <ClCompile Include="..\common\GLShader.cpp">
      <Filter>common</Filter>
    </ClCompile>
    <ClCompile Include="..\glutilities\Camera.cpp">
      <Filter>glutilities</Filter>
    </ClCompile>
    <ClCompile Include="..\glutilities\GLObject.cpp">
      <Filter>glutilities</Filter>
    </ClCompile>
    <ClCompile Include="..\glutilities\IndexBuffer.cpp">
      <Filter>glutilities</Filter>
    </ClCompile>
    <ClCompile Include="..\glutilities\Skybox.cpp">
      <Filter>glutilities</Filter>
    </ClCompile>
    <ClCompile Include="..\glutilities\Texture.cpp">
      <Filter>glutilities</Filter>
    </ClCompile>
    <ClCompile Include="..\glutilities\UniformBuffer.cpp">
      <Filter>glutilities</Filter>
    </ClCompile>
    <ClCompile Include="..\glutilities\VertexArray.cpp">
      <Filter>glutilities</Filter>
    </ClCompile>
    <ClCompile Include="..\glutilities\VertexBuffer.cpp">
      <Filter>glutilities</Filter>
    </ClCompile>
    <ClCompile Include="..\common\TinyObjLoader.cpp">
      <Filter>common</Filter>
    </ClCompile>
  </ItemGroup>
  <ItemGroup>
    <ClInclude Include="..\common\GLShader.h">
      <Filter>common</Filter>
    </ClInclude>
    <ClInclude Include="DragonData.h">
      <Filter>Dragon</Filter>
    </ClInclude>
    <ClInclude Include="Material.h">
      <Filter>Dragon</Filter>
    </ClInclude>
    <ClInclude Include="Vertex.h">
      <Filter>Dragon</Filter>
    </ClInclude>
    <ClInclude Include="..\glutilities\BufferLayout.h">
      <Filter>glutilities</Filter>
    </ClInclude>
    <ClInclude Include="..\glutilities\Camera.h">
      <Filter>glutilities</Filter>
    </ClInclude>
    <ClInclude Include="..\glutilities\GLObject.h">
      <Filter>glutilities</Filter>
    </ClInclude>
    <ClInclude Include="..\glutilities\IndexBuffer.h">
      <Filter>glutilities</Filter>
    </ClInclude>
    <ClInclude Include="..\glutilities\Skybox.h">
      <Filter>glutilities</Filter>
    </ClInclude>
    <ClInclude Include="..\glutilities\Texture.h">
      <Filter>glutilities</Filter>
    </ClInclude>
    <ClInclude Include="..\glutilities\UniformBuffer.h">
      <Filter>glutilities</Filter>
    </ClInclude>
    <ClInclude Include="..\glutilities\VertexArray.h">
      <Filter>glutilities</Filter>
    </ClInclude>
    <ClInclude Include="..\glutilities\VertexBuffer.h">
      <Filter>glutilities</Filter>
    </ClInclude>
    <ClInclude Include="..\common\Matrix.h">
      <Filter>common</Filter>
    </ClInclude>
    <ClInclude Include="..\common\TinyObjLoader.h">
      <Filter>common</Filter>
    </ClInclude>
    <ClInclude Include="..\common\ObjData.h">
      <Filter>common</Filter>
    </ClInclude>
    <ClInclude Include="..\common\Vector.h">
      <Filter>common</Filter>
    </ClInclude>
  </ItemGroup>
  <ItemGroup>
    <None Include="texture_material_blinnphong.fs.glsl">
      <Filter>Dragon</Filter>
    </None>
    <None Include="transform.vs.glsl">
      <Filter>Dragon</Filter>
    </None>
    <None Include="..\shaders\Ambient.fs">
      <Filter>Shaders</Filter>
    </None>
    <None Include="..\shaders\Ambient.vs">
      <Filter>Shaders</Filter>
    </None>
    <None Include="..\shaders\Ambient_Diffuse.fs">
      <Filter>Shaders</Filter>
    </None>
    <None Include="..\shaders\Ambient_Diffuse.vs">
      <Filter>Shaders</Filter>
    </None>
    <None Include="..\shaders\Ambient_Diffuse_Specular.fs">
      <Filter>Shaders</Filter>
    </None>
    <None Include="..\shaders\Ambient_Diffuse_Specular.vs">
      <Filter>Shaders</Filter>
    </None>
    <None Include="..\shaders\Hemisphere.fs">
      <Filter>Shaders</Filter>
    </None>
    <None Include="..\shaders\Hemisphere.vs">
      <Filter>Shaders</Filter>
    </None>
    <None Include="..\shaders\skybox.fs">
      <Filter>Shaders</Filter>
    </None>
    <None Include="..\shaders\skybox.vs">
      <Filter>Shaders</Filter>
    </None>
  </ItemGroup>
</Project>